
Microsoft Visual Studio Solution File, Format Version 12.00
# Visual Studio Version 16
VisualStudioVersion = 16.0.29806.167
MinimumVisualStudioVersion = 10.0.40219.1
Project("{FAE04EC0-301F-11D3-BF4B-00C04F79EFBC}") = "OOP_LAB_4_TASK_1", "OOP_LAB_4_TASK_1\OOP_LAB_4_TASK_1.csproj", "{284680FA-0A7A-4BB6-AAD3-86B990A1F0C1}"
EndProject
Global
	GlobalSection(SolutionConfigurationPlatforms) = preSolution
		Debug|Any CPU = Debug|Any CPU
		Release|Any CPU = Release|Any CPU
	EndGlobalSection
	GlobalSection(ProjectConfigurationPlatforms) = postSolution
		{284680FA-0A7A-4BB6-AAD3-86B990A1F0C1}.Debug|Any CPU.ActiveCfg = Debug|Any CPU
		{284680FA-0A7A-4BB6-AAD3-86B990A1F0C1}.Debug|Any CPU.Build.0 = Debug|Any CPU
		{284680FA-0A7A-4BB6-AAD3-86B990A1F0C1}.Release|Any CPU.ActiveCfg = Release|Any CPU
		{284680FA-0A7A-4BB6-AAD3-86B990A1F0C1}.Release|Any CPU.Build.0 = Release|Any CPU
	EndGlobalSection
	GlobalSection(SolutionProperties) = preSolution
		HideSolutionNode = FALSE
	EndGlobalSection
	GlobalSection(ExtensibilityGlobals) = postSolution
		SolutionGuid = {D14FEF4D-BED3-4A24-A808-82ED474CB7AF}
	EndGlobalSection
EndGlobal
